// !$*UTF8*$!
{
	archiveVersion = 1;
	classes = {
	};
	objectVersion = 56;
	objects = {

/* Begin PBXBuildFile section */
		A11111110000000000000020 /* TestSupport.swift in Sources */ = {isa = PBXBuildFile; fileRef = A12222220000000000000021 /* TestSupport.swift */; };
		A11111110000000000000021 /* LayoutManagerTests.swift in Sources */ = {isa = PBXBuildFile; fileRef = A12222220000000000000022 /* LayoutManagerTests.swift */; };
		A11111110000000000000022 /* AppSettingsTests.swift in Sources */ = {isa = PBXBuildFile; fileRef = A12222220000000000000023 /* AppSettingsTests.swift */; };
		A11111110000000000000023 /* LocalizationTests.swift in Sources */ = {isa = PBXBuildFile; fileRef = A12222220000000000000024 /* LocalizationTests.swift */; };
		A11111110000000000000024 /* WorksPresentationTests.swift in Sources */ = {isa = PBXBuildFile; fileRef = A12222220000000000000025 /* WorksPresentationTests.swift */; };
		A11111110000000000000025 /* CaptureFeedbackServiceTests.swift in Sources */ = {isa = PBXBuildFile; fileRef = A12222220000000000000026 /* CaptureFeedbackServiceTests.swift */; };
		A11111110000000000000026 /* LivePhotoAudioTimingTests.swift in Sources */ = {isa = PBXBuildFile; fileRef = A12222220000000000000028 /* LivePhotoAudioTimingTests.swift */; };
		A11111110000000000000027 /* CameraDeviceSelectionTests.swift in Sources */ = {isa = PBXBuildFile; fileRef = A12222220000000000000029 /* CameraDeviceSelectionTests.swift */; };
		A11111110000000000000101 /* DualCamApp.swift in Sources */ = {isa = PBXBuildFile; fileRef = A12222220000000000000001 /* DualCamApp.swift */; };
		A11111110000000000000102 /* ContentView.swift in Sources */ = {isa = PBXBuildFile; fileRef = A12222220000000000000002 /* ContentView.swift */; };
		A11111110000000000000103 /* CameraManager.swift in Sources */ = {isa = PBXBuildFile; fileRef = A12222220000000000000003 /* CameraManager.swift */; };
		A11111110000000000000104 /* VideoRecorder.swift in Sources */ = {isa = PBXBuildFile; fileRef = A12222220000000000000004 /* VideoRecorder.swift */; };
		A11111110000000000000105 /* LayoutManager.swift in Sources */ = {isa = PBXBuildFile; fileRef = A12222220000000000000005 /* LayoutManager.swift */; };
		A11111110000000000000106 /* CameraPreviewView.swift in Sources */ = {isa = PBXBuildFile; fileRef = A12222220000000000000006 /* CameraPreviewView.swift */; };
		A11111110000000000000107 /* LayoutSelectorView.swift in Sources */ = {isa = PBXBuildFile; fileRef = A12222220000000000000007 /* LayoutSelectorView.swift */; };
		A11111110000000000000108 /* QuickStartOnboardingView.swift in Sources */ = {isa = PBXBuildFile; fileRef = A1222222000000000000000A /* QuickStartOnboardingView.swift */; };
		A11111110000000000000109 /* AppLanguage.swift in Sources */ = {isa = PBXBuildFile; fileRef = A1222222000000000000000B /* AppLanguage.swift */; };
		A11111110000000000000110 /* LivePhotoRecorder.swift in Sources */ = {isa = PBXBuildFile; fileRef = A12222220000000000000010 /* LivePhotoRecorder.swift */; };
		A11111110000000000000111 /* WorksManager.swift in Sources */ = {isa = PBXBuildFile; fileRef = A12222220000000000000013 /* WorksManager.swift */; };
		A11111110000000000000112 /* WorksView.swift in Sources */ = {isa = PBXBuildFile; fileRef = A12222220000000000000014 /* WorksView.swift */; };
		A11111110000000000000113 /* AppSettings.swift in Sources */ = {isa = PBXBuildFile; fileRef = A12222220000000000000015 /* AppSettings.swift */; };
		A11111110000000000000114 /* SettingsView.swift in Sources */ = {isa = PBXBuildFile; fileRef = A12222220000000000000016 /* SettingsView.swift */; };
		A11111110000000000000115 /* WorksPresentation.swift in Sources */ = {isa = PBXBuildFile; fileRef = A12222220000000000000017 /* WorksPresentation.swift */; };
		A11111110000000000000116 /* CaptureFeedbackService.swift in Sources */ = {isa = PBXBuildFile; fileRef = A12222220000000000000018 /* CaptureFeedbackService.swift */; };
		A11111110000000000000117 /* Assets.xcassets in Resources */ = {isa = PBXBuildFile; fileRef = A12222220000000000000008 /* Assets.xcassets */; };
		A11111110000000000000118 /* Localizable.strings in Resources */ = {isa = PBXBuildFile; fileRef = A1222222000000000000000E /* Localizable.strings */; };
		A11111110000000000000119 /* InfoPlist.strings in Resources */ = {isa = PBXBuildFile; fileRef = A12222220000000000000012 /* InfoPlist.strings */; };
		A1111111000000000000011A /* LaunchScreen.storyboard in Resources */ = {isa = PBXBuildFile; fileRef = A1222222000000000000002A /* LaunchScreen.storyboard */; };
		A1111111000000000000011B /* PrivacyInfo.xcprivacy in Resources */ = {isa = PBXBuildFile; fileRef = A12222220000000000000030 /* PrivacyInfo.xcprivacy */; };
/* End PBXBuildFile section */

/* Begin PBXContainerItemProxy section */
		A19999990000000000000001 /* PBXContainerItemProxy */ = {
			isa = PBXContainerItemProxy;
			containerPortal = A17777770000000000000001 /* Project object */;
			proxyType = 1;
			remoteGlobalIDString = 932C545C2FBB02E600BC5378;
			remoteInfo = DualCamApp;
		};
/* End PBXContainerItemProxy section */

/* Begin PBXFileReference section */
		932C545D2FBB02E600BC5378 /* DualCamApp.app */ = {isa = PBXFileReference; explicitFileType = wrapper.application; includeInIndex = 0; path = DualCamApp.app; sourceTree = BUILT_PRODUCTS_DIR; };
		A12222220000000000000001 /* DualCamApp.swift */ = {isa = PBXFileReference; lastKnownFileType = sourcecode.swift; path = DualCamApp.swift; sourceTree = "<group>"; };
		A12222220000000000000002 /* ContentView.swift */ = {isa = PBXFileReference; lastKnownFileType = sourcecode.swift; path = ContentView.swift; sourceTree = "<group>"; };
		A12222220000000000000003 /* CameraManager.swift */ = {isa = PBXFileReference; lastKnownFileType = sourcecode.swift; path = CameraManager.swift; sourceTree = "<group>"; };
		A12222220000000000000004 /* VideoRecorder.swift */ = {isa = PBXFileReference; lastKnownFileType = sourcecode.swift; path = VideoRecorder.swift; sourceTree = "<group>"; };
		A12222220000000000000005 /* LayoutManager.swift */ = {isa = PBXFileReference; lastKnownFileType = sourcecode.swift; path = LayoutManager.swift; sourceTree = "<group>"; };
		A12222220000000000000006 /* CameraPreviewView.swift */ = {isa = PBXFileReference; lastKnownFileType = sourcecode.swift; path = CameraPreviewView.swift; sourceTree = "<group>"; };
		A12222220000000000000007 /* LayoutSelectorView.swift */ = {isa = PBXFileReference; lastKnownFileType = sourcecode.swift; path = LayoutSelectorView.swift; sourceTree = "<group>"; };
		A12222220000000000000008 /* Assets.xcassets */ = {isa = PBXFileReference; lastKnownFileType = folder.assetcatalog; path = Assets.xcassets; sourceTree = "<group>"; };
		A12222220000000000000009 /* Info.plist */ = {isa = PBXFileReference; lastKnownFileType = text.plist.xml; path = Info.plist; sourceTree = "<group>"; };
		A1222222000000000000002A /* LaunchScreen.storyboard */ = {isa = PBXFileReference; lastKnownFileType = file.storyboard; path = LaunchScreen.storyboard; sourceTree = "<group>"; };
		A12222220000000000000030 /* PrivacyInfo.xcprivacy */ = {isa = PBXFileReference; lastKnownFileType = text.xml; path = PrivacyInfo.xcprivacy; sourceTree = "<group>"; };
		A1222222000000000000000A /* QuickStartOnboardingView.swift */ = {isa = PBXFileReference; lastKnownFileType = sourcecode.swift; path = QuickStartOnboardingView.swift; sourceTree = "<group>"; };
		A1222222000000000000000B /* AppLanguage.swift */ = {isa = PBXFileReference; lastKnownFileType = sourcecode.swift; path = AppLanguage.swift; sourceTree = "<group>"; };
		A1222222000000000000000C /* en */ = {isa = PBXFileReference; lastKnownFileType = text.plist.strings; name = en; path = en.lproj/Localizable.strings; sourceTree = "<group>"; };
		A1222222000000000000000D /* zh-Hans */ = {isa = PBXFileReference; lastKnownFileType = text.plist.strings; name = "zh-Hans"; path = "zh-Hans.lproj/Localizable.strings"; sourceTree = "<group>"; };
			A1222222000000000000002B /* zh-Hant */ = {isa = PBXFileReference; lastKnownFileType = text.plist.strings; name = "zh-Hant"; path = "zh-Hant.lproj/Localizable.strings"; sourceTree = "<group>"; };
			A1222222000000000000002C /* ko */ = {isa = PBXFileReference; lastKnownFileType = text.plist.strings; name = ko; path = ko.lproj/Localizable.strings; sourceTree = "<group>"; };
		A1222222000000000000000F /* en */ = {isa = PBXFileReference; lastKnownFileType = text.plist.strings; name = en; path = en.lproj/InfoPlist.strings; sourceTree = "<group>"; };
		A12222220000000000000010 /* LivePhotoRecorder.swift */ = {isa = PBXFileReference; lastKnownFileType = sourcecode.swift; path = LivePhotoRecorder.swift; sourceTree = "<group>"; };
		A12222220000000000000011 /* zh-Hans */ = {isa = PBXFileReference; lastKnownFileType = text.plist.strings; name = "zh-Hans"; path = "zh-Hans.lproj/InfoPlist.strings"; sourceTree = "<group>"; };
			A1222222000000000000002D /* zh-Hant */ = {isa = PBXFileReference; lastKnownFileType = text.plist.strings; name = "zh-Hant"; path = "zh-Hant.lproj/InfoPlist.strings"; sourceTree = "<group>"; };
			A1222222000000000000002E /* ko */ = {isa = PBXFileReference; lastKnownFileType = text.plist.strings; name = ko; path = ko.lproj/InfoPlist.strings; sourceTree = "<group>"; };
		A12222220000000000000013 /* WorksManager.swift */ = {isa = PBXFileReference; lastKnownFileType = sourcecode.swift; path = WorksManager.swift; sourceTree = "<group>"; };
		A12222220000000000000014 /* WorksView.swift */ = {isa = PBXFileReference; lastKnownFileType = sourcecode.swift; path = WorksView.swift; sourceTree = "<group>"; };
		A12222220000000000000015 /* AppSettings.swift */ = {isa = PBXFileReference; lastKnownFileType = sourcecode.swift; path = AppSettings.swift; sourceTree = "<group>"; };
		A12222220000000000000016 /* SettingsView.swift */ = {isa = PBXFileReference; lastKnownFileType = sourcecode.swift; path = SettingsView.swift; sourceTree = "<group>"; };
		A12222220000000000000017 /* WorksPresentation.swift */ = {isa = PBXFileReference; lastKnownFileType = sourcecode.swift; path = WorksPresentation.swift; sourceTree = "<group>"; };
		A12222220000000000000018 /* CaptureFeedbackService.swift */ = {isa = PBXFileReference; lastKnownFileType = sourcecode.swift; path = CaptureFeedbackService.swift; sourceTree = "<group>"; };
		A12222220000000000000020 /* DualCamAppTests.xctest */ = {isa = PBXFileReference; explicitFileType = wrapper.cfbundle; includeInIndex = 0; path = DualCamAppTests.xctest; sourceTree = BUILT_PRODUCTS_DIR; };
		A12222220000000000000021 /* TestSupport.swift */ = {isa = PBXFileReference; lastKnownFileType = sourcecode.swift; path = TestSupport.swift; sourceTree = "<group>"; };
		A12222220000000000000022 /* LayoutManagerTests.swift */ = {isa = PBXFileReference; lastKnownFileType = sourcecode.swift; path = LayoutManagerTests.swift; sourceTree = "<group>"; };
		A12222220000000000000023 /* AppSettingsTests.swift */ = {isa = PBXFileReference; lastKnownFileType = sourcecode.swift; path = AppSettingsTests.swift; sourceTree = "<group>"; };
		A12222220000000000000024 /* LocalizationTests.swift */ = {isa = PBXFileReference; lastKnownFileType = sourcecode.swift; path = LocalizationTests.swift; sourceTree = "<group>"; };
		A12222220000000000000025 /* WorksPresentationTests.swift */ = {isa = PBXFileReference; lastKnownFileType = sourcecode.swift; path = WorksPresentationTests.swift; sourceTree = "<group>"; };
		A12222220000000000000026 /* CaptureFeedbackServiceTests.swift */ = {isa = PBXFileReference; lastKnownFileType = sourcecode.swift; path = CaptureFeedbackServiceTests.swift; sourceTree = "<group>"; };
		A12222220000000000000027 /* DualCamApp.xctestplan */ = {isa = PBXFileReference; lastKnownFileType = text; path = DualCamApp.xctestplan; sourceTree = "<group>"; };
		A12222220000000000000028 /* LivePhotoAudioTimingTests.swift */ = {isa = PBXFileReference; lastKnownFileType = sourcecode.swift; path = LivePhotoAudioTimingTests.swift; sourceTree = "<group>"; };
		A12222220000000000000029 /* CameraDeviceSelectionTests.swift */ = {isa = PBXFileReference; lastKnownFileType = sourcecode.swift; path = CameraDeviceSelectionTests.swift; sourceTree = "<group>"; };
/* End PBXFileReference section */

/* Begin PBXFrameworksBuildPhase section */
		932C545A2FBB02E600BC5378 /* Frameworks */ = {
			isa = PBXFrameworksBuildPhase;
			buildActionMask = 2147483647;
			files = (
			);
			runOnlyForDeploymentPostprocessing = 0;
		};
		A13333330000000000000002 /* Frameworks */ = {
			isa = PBXFrameworksBuildPhase;
			buildActionMask = 2147483647;
			files = (
			);
			runOnlyForDeploymentPostprocessing = 0;
		};
/* End PBXFrameworksBuildPhase section */

/* Begin PBXGroup section */
		A14444440000000000000001 = {
			isa = PBXGroup;
			children = (
				A14444440000000000000002 /* DualCamApp */,
				A14444440000000000000008 /* DualCamAppTests */,
				A12222220000000000000027 /* DualCamApp.xctestplan */,
				A14444440000000000000003 /* Products */,
			);
			sourceTree = "<group>";
		};
		A14444440000000000000002 /* DualCamApp */ = {
			isa = PBXGroup;
			children = (
				A14444440000000000000004 /* App */,
				A14444440000000000000005 /* Managers */,
				A14444440000000000000006 /* Views */,
				A14444440000000000000007 /* Resources */,
				A12222220000000000000009 /* Info.plist */,
			);
			path = DualCamApp;
			sourceTree = "<group>";
		};
		A14444440000000000000003 /* Products */ = {
			isa = PBXGroup;
			children = (
				A12222220000000000000020 /* DualCamAppTests.xctest */,
				932C545D2FBB02E600BC5378 /* DualCamApp.app */,
			);
			name = Products;
			sourceTree = "<group>";
		};
		A14444440000000000000004 /* App */ = {
			isa = PBXGroup;
			children = (
				A12222220000000000000001 /* DualCamApp.swift */,
				A1222222000000000000000B /* AppLanguage.swift */,
				A12222220000000000000015 /* AppSettings.swift */,
			);
			path = App;
			sourceTree = "<group>";
		};
		A14444440000000000000005 /* Managers */ = {
			isa = PBXGroup;
			children = (
				A12222220000000000000003 /* CameraManager.swift */,
				A12222220000000000000004 /* VideoRecorder.swift */,
				A12222220000000000000005 /* LayoutManager.swift */,
				A12222220000000000000010 /* LivePhotoRecorder.swift */,
				A12222220000000000000013 /* WorksManager.swift */,
				A12222220000000000000017 /* WorksPresentation.swift */,
				A12222220000000000000018 /* CaptureFeedbackService.swift */,
			);
			path = Managers;
			sourceTree = "<group>";
		};
		A14444440000000000000006 /* Views */ = {
			isa = PBXGroup;
			children = (
				A12222220000000000000002 /* ContentView.swift */,
				A1222222000000000000000A /* QuickStartOnboardingView.swift */,
				A12222220000000000000006 /* CameraPreviewView.swift */,
				A12222220000000000000007 /* LayoutSelectorView.swift */,
				A12222220000000000000014 /* WorksView.swift */,
				A12222220000000000000016 /* SettingsView.swift */,
			);
			path = Views;
			sourceTree = "<group>";
		};
		A14444440000000000000007 /* Resources */ = {
			isa = PBXGroup;
			children = (
				A12222220000000000000008 /* Assets.xcassets */,
				A1222222000000000000002A /* LaunchScreen.storyboard */,
				A12222220000000000000030 /* PrivacyInfo.xcprivacy */,
				A1222222000000000000000E /* Localizable.strings */,
				A12222220000000000000012 /* InfoPlist.strings */,
			);
			path = Resources;
			sourceTree = "<group>";
		};
		A14444440000000000000008 /* DualCamAppTests */ = {
			isa = PBXGroup;
			children = (
				A12222220000000000000021 /* TestSupport.swift */,
				A12222220000000000000022 /* LayoutManagerTests.swift */,
				A12222220000000000000023 /* AppSettingsTests.swift */,
				A12222220000000000000024 /* LocalizationTests.swift */,
				A12222220000000000000025 /* WorksPresentationTests.swift */,
				A12222220000000000000026 /* CaptureFeedbackServiceTests.swift */,
				A12222220000000000000028 /* LivePhotoAudioTimingTests.swift */,
				A12222220000000000000029 /* CameraDeviceSelectionTests.swift */,
			);
			path = DualCamAppTests;
			sourceTree = "<group>";
		};
/* End PBXGroup section */

/* Begin PBXNativeTarget section */
		932C545C2FBB02E600BC5378 /* DualCamApp */ = {
			isa = PBXNativeTarget;
			buildConfigurationList = 932C54652FBB02E800BC5378 /* Build configuration list for PBXNativeTarget "DualCamApp" */;
			buildPhases = (
				932C54592FBB02E600BC5378 /* Sources */,
				932C545A2FBB02E600BC5378 /* Frameworks */,
				932C545B2FBB02E600BC5378 /* Resources */,
			);
			buildRules = (
			);
			dependencies = (
			);
			name = DualCamApp;
			packageProductDependencies = (
			);
			productName = DualCamApp;
			productReference = 932C545D2FBB02E600BC5378 /* DualCamApp.app */;
			productType = "com.apple.product-type.application";
		};
		A15555550000000000000004 /* DualCamAppTests */ = {
			isa = PBXNativeTarget;
			buildConfigurationList = A16666660000000000000004 /* Build configuration list for PBXNativeTarget "DualCamAppTests" */;
			buildPhases = (
				A15555550000000000000005 /* Sources */,
				A13333330000000000000002 /* Frameworks */,
				A15555550000000000000006 /* Resources */,
			);
			buildRules = (
			);
			dependencies = (
				A19999990000000000000002 /* PBXTargetDependency */,
			);
			name = DualCamAppTests;
			productName = DualCamAppTests;
			productReference = A12222220000000000000020 /* DualCamAppTests.xctest */;
			productType = "com.apple.product-type.bundle.unit-test";
		};
/* End PBXNativeTarget section */

/* Begin PBXProject section */
		A17777770000000000000001 /* Project object */ = {
			isa = PBXProject;
			attributes = {
				BuildIndependentTargetsInParallel = 1;
				LastSwiftUpdateCheck = 2650;
				LastUpgradeCheck = 1500;
				TargetAttributes = {
					932C545C2FBB02E600BC5378 = {
						CreatedOnToolsVersion = 26.5;
					};
					A15555550000000000000004 = {
						CreatedOnToolsVersion = 15.0;
						TestTargetID = 932C545C2FBB02E600BC5378;
					};
				};
			};
			buildConfigurationList = A16666660000000000000001 /* Build configuration list for PBXProject "DualCamApp" */;
			compatibilityVersion = "Xcode 14.0";
			developmentRegion = en;
			hasScannedForEncodings = 0;
			knownRegions = (
				en,
				Base,
				"zh-Hans",
				"zh-Hant",
				ko,
			);
			mainGroup = A14444440000000000000001;
			productRefGroup = A14444440000000000000003 /* Products */;
			projectDirPath = "";
			projectRoot = "";
			targets = (
				A15555550000000000000004 /* DualCamAppTests */,
				932C545C2FBB02E600BC5378 /* DualCamApp */,
			);
		};
/* End PBXProject section */

/* Begin PBXResourcesBuildPhase section */
		932C545B2FBB02E600BC5378 /* Resources */ = {
			isa = PBXResourcesBuildPhase;
			buildActionMask = 2147483647;
			files = (
				A11111110000000000000117 /* Assets.xcassets in Resources */,
				A1111111000000000000011A /* LaunchScreen.storyboard in Resources */,
				A1111111000000000000011B /* PrivacyInfo.xcprivacy in Resources */,
				A11111110000000000000118 /* Localizable.strings in Resources */,
				A11111110000000000000119 /* InfoPlist.strings in Resources */,
			);
			runOnlyForDeploymentPostprocessing = 0;
		};
		A15555550000000000000006 /* Resources */ = {
			isa = PBXResourcesBuildPhase;
			buildActionMask = 2147483647;
			files = (
			);
			runOnlyForDeploymentPostprocessing = 0;
		};
/* End PBXResourcesBuildPhase section */

/* Begin PBXSourcesBuildPhase section */
		932C54592FBB02E600BC5378 /* Sources */ = {
			isa = PBXSourcesBuildPhase;
			buildActionMask = 2147483647;
			files = (
				A11111110000000000000101 /* DualCamApp.swift in Sources */,
				A11111110000000000000102 /* ContentView.swift in Sources */,
				A11111110000000000000103 /* CameraManager.swift in Sources */,
				A11111110000000000000104 /* VideoRecorder.swift in Sources */,
				A11111110000000000000105 /* LayoutManager.swift in Sources */,
				A11111110000000000000106 /* CameraPreviewView.swift in Sources */,
				A11111110000000000000107 /* LayoutSelectorView.swift in Sources */,
				A11111110000000000000108 /* QuickStartOnboardingView.swift in Sources */,
				A11111110000000000000109 /* AppLanguage.swift in Sources */,
				A11111110000000000000110 /* LivePhotoRecorder.swift in Sources */,
				A11111110000000000000111 /* WorksManager.swift in Sources */,
				A11111110000000000000112 /* WorksView.swift in Sources */,
				A11111110000000000000113 /* AppSettings.swift in Sources */,
				A11111110000000000000114 /* SettingsView.swift in Sources */,
				A11111110000000000000115 /* WorksPresentation.swift in Sources */,
				A11111110000000000000116 /* CaptureFeedbackService.swift in Sources */,
			);
			runOnlyForDeploymentPostprocessing = 0;
		};
		A15555550000000000000005 /* Sources */ = {
			isa = PBXSourcesBuildPhase;
			buildActionMask = 2147483647;
			files = (
				A11111110000000000000020 /* TestSupport.swift in Sources */,
				A11111110000000000000021 /* LayoutManagerTests.swift in Sources */,
				A11111110000000000000022 /* AppSettingsTests.swift in Sources */,
				A11111110000000000000023 /* LocalizationTests.swift in Sources */,
				A11111110000000000000024 /* WorksPresentationTests.swift in Sources */,
				A11111110000000000000025 /* CaptureFeedbackServiceTests.swift in Sources */,
				A11111110000000000000026 /* LivePhotoAudioTimingTests.swift in Sources */,
				A11111110000000000000027 /* CameraDeviceSelectionTests.swift in Sources */,
			);
			runOnlyForDeploymentPostprocessing = 0;
		};
/* End PBXSourcesBuildPhase section */

/* Begin PBXTargetDependency section */
		A19999990000000000000002 /* PBXTargetDependency */ = {
			isa = PBXTargetDependency;
			target = 932C545C2FBB02E600BC5378 /* DualCamApp */;
			targetProxy = A19999990000000000000001 /* PBXContainerItemProxy */;
		};
/* End PBXTargetDependency section */

/* Begin PBXVariantGroup section */
		A1222222000000000000000E /* Localizable.strings */ = {
			isa = PBXVariantGroup;
			children = (
				A1222222000000000000000C /* en */,
				A1222222000000000000000D /* zh-Hans */,
				A1222222000000000000002B /* zh-Hant */,
				A1222222000000000000002C /* ko */,
			);
			name = Localizable.strings;
			sourceTree = "<group>";
		};
		A12222220000000000000012 /* InfoPlist.strings */ = {
			isa = PBXVariantGroup;
			children = (
				A1222222000000000000000F /* en */,
				A12222220000000000000011 /* zh-Hans */,
				A1222222000000000000002D /* zh-Hant */,
				A1222222000000000000002E /* ko */,
			);
			name = InfoPlist.strings;
			sourceTree = "<group>";
		};
/* End PBXVariantGroup section */

/* Begin XCBuildConfiguration section */
		932C54662FBB02E800BC5378 /* Debug */ = {
			isa = XCBuildConfiguration;
			buildSettings = {
				ASSETCATALOG_COMPILER_APPICON_NAME = AppIcon;
				ASSETCATALOG_COMPILER_GLOBAL_ACCENT_COLOR_NAME = AccentColor;
				CODE_SIGN_STYLE = Automatic;
				CURRENT_PROJECT_VERSION = 5;
				DEVELOPMENT_TEAM = P3724G3229;
				ENABLE_PREVIEWS = YES;
				GENERATE_INFOPLIST_FILE = NO;
				INFOPLIST_FILE = DualCamApp/Info.plist;
				INFOPLIST_KEY_UIApplicationSceneManifest_Generation = YES;
				INFOPLIST_KEY_UIApplicationSupportsIndirectInputEvents = YES;
				INFOPLIST_KEY_UILaunchScreen_Generation = NO;
				INFOPLIST_KEY_UISupportedInterfaceOrientations_iPad = "UIInterfaceOrientationPortrait UIInterfaceOrientationPortraitUpsideDown UIInterfaceOrientationLandscapeLeft UIInterfaceOrientationLandscapeRight";
				INFOPLIST_KEY_UISupportedInterfaceOrientations_iPhone = "UIInterfaceOrientationPortrait UIInterfaceOrientationLandscapeLeft UIInterfaceOrientationLandscapeRight";
				IPHONEOS_DEPLOYMENT_TARGET = 15.6;
				LD_RUNPATH_SEARCH_PATHS = (
					"$(inherited)",
					"@executable_path/Frameworks",
				);
				MARKETING_VERSION = 1.0.1;
				PRODUCT_BUNDLE_IDENTIFIER = com.dualcam.ai;
				PRODUCT_NAME = "$(TARGET_NAME)";
				STRING_CATALOG_GENERATE_SYMBOLS = YES;
				SUPPORTED_PLATFORMS = "iphoneos iphonesimulator";
				SUPPORTS_MACCATALYST = NO;
				SUPPORTS_MAC_DESIGNED_FOR_IPHONE_IPAD = NO;
				SUPPORTS_XR_DESIGNED_FOR_IPHONE_IPAD = NO;
				SWIFT_APPROACHABLE_CONCURRENCY = YES;
				SWIFT_DEFAULT_ACTOR_ISOLATION = MainActor;
				SWIFT_EMIT_LOC_STRINGS = YES;
				SWIFT_UPCOMING_FEATURE_MEMBER_IMPORT_VISIBILITY = YES;
				SWIFT_VERSION = 5.0;
				TARGETED_DEVICE_FAMILY = "1,2";
			};
			name = Debug;
		};
		932C54672FBB02E800BC5378 /* Release */ = {
			isa = XCBuildConfiguration;
			buildSettings = {
				ASSETCATALOG_COMPILER_APPICON_NAME = AppIcon;
				ASSETCATALOG_COMPILER_GLOBAL_ACCENT_COLOR_NAME = AccentColor;
				CODE_SIGN_STYLE = Automatic;
				CURRENT_PROJECT_VERSION = 5;
				DEVELOPMENT_TEAM = P3724G3229;
				ENABLE_PREVIEWS = YES;
				GENERATE_INFOPLIST_FILE = NO;
				INFOPLIST_FILE = DualCamApp/Info.plist;
				INFOPLIST_KEY_UIApplicationSceneManifest_Generation = YES;
				INFOPLIST_KEY_UIApplicationSupportsIndirectInputEvents = YES;
				INFOPLIST_KEY_UILaunchScreen_Generation = NO;
				INFOPLIST_KEY_UISupportedInterfaceOrientations_iPad = "UIInterfaceOrientationPortrait UIInterfaceOrientationPortraitUpsideDown UIInterfaceOrientationLandscapeLeft UIInterfaceOrientationLandscapeRight";
				INFOPLIST_KEY_UISupportedInterfaceOrientations_iPhone = "UIInterfaceOrientationPortrait UIInterfaceOrientationLandscapeLeft UIInterfaceOrientationLandscapeRight";
				IPHONEOS_DEPLOYMENT_TARGET = 15.6;
				LD_RUNPATH_SEARCH_PATHS = (
					"$(inherited)",
					"@executable_path/Frameworks",
				);
				MARKETING_VERSION = 1.0.1;
				PRODUCT_BUNDLE_IDENTIFIER = com.dualcam.ai;
				PRODUCT_NAME = "$(TARGET_NAME)";
				STRING_CATALOG_GENERATE_SYMBOLS = YES;
				SUPPORTED_PLATFORMS = "iphoneos iphonesimulator";
				SUPPORTS_MACCATALYST = NO;
				SUPPORTS_MAC_DESIGNED_FOR_IPHONE_IPAD = NO;
				SUPPORTS_XR_DESIGNED_FOR_IPHONE_IPAD = NO;
				SWIFT_APPROACHABLE_CONCURRENCY = YES;
				SWIFT_DEFAULT_ACTOR_ISOLATION = MainActor;
				SWIFT_EMIT_LOC_STRINGS = YES;
				SWIFT_UPCOMING_FEATURE_MEMBER_IMPORT_VISIBILITY = YES;
				SWIFT_VERSION = 5.0;
				TARGETED_DEVICE_FAMILY = "1,2";
			};
			name = Release;
		};
		A18888880000000000000001 /* Debug */ = {
			isa = XCBuildConfiguration;
			buildSettings = {
				ALWAYS_SEARCH_USER_PATHS = NO;
				ASSETCATALOG_COMPILER_GENERATE_SWIFT_ASSET_SYMBOL_EXTENSIONS = YES;
				CLANG_ANALYZER_NONNULL = YES;
				CLANG_ANALYZER_NUMBER_OBJECT_CONVERSION = YES_AGGRESSIVE;
				CLANG_CXX_LANGUAGE_STANDARD = "gnu++20";
				CLANG_ENABLE_MODULES = YES;
				CLANG_ENABLE_OBJC_ARC = YES;
				CLANG_ENABLE_OBJC_WEAK = YES;
				CLANG_WARN_BLOCK_CAPTURE_AUTORELEASING = YES;
				CLANG_WARN_BOOL_CONVERSION = YES;
				CLANG_WARN_COMMA = YES;
				CLANG_WARN_CONSTANT_CONVERSION = YES;
				CLANG_WARN_DEPRECATED_OBJC_IMPLEMENTATIONS = YES;
				CLANG_WARN_DIRECT_OBJC_ISA_USAGE = YES_ERROR;
				CLANG_WARN_DOCUMENTATION_COMMENTS = YES;
				CLANG_WARN_EMPTY_BODY = YES;
				CLANG_WARN_ENUM_CONVERSION = YES;
				CLANG_WARN_INFINITE_RECURSION = YES;
				CLANG_WARN_INT_CONVERSION = YES;
				CLANG_WARN_NON_LITERAL_NULL_CONVERSION = YES;
				CLANG_WARN_OBJC_IMPLICIT_RETAIN_SELF = YES;
				CLANG_WARN_OBJC_LITERAL_CONVERSION = YES;
				CLANG_WARN_OBJC_ROOT_CLASS = YES_ERROR;
				CLANG_WARN_QUOTED_INCLUDE_IN_FRAMEWORK_HEADER = YES;
				CLANG_WARN_RANGE_LOOP_ANALYSIS = YES;
				CLANG_WARN_STRICT_PROTOTYPES = YES;
				CLANG_WARN_SUSPICIOUS_MOVE = YES;
				CLANG_WARN_UNGUARDED_AVAILABILITY = YES_AGGRESSIVE;
				CLANG_WARN_UNREACHABLE_CODE = YES;
				CLANG_WARN__DUPLICATE_METHOD_MATCH = YES;
				COPY_PHASE_STRIP = NO;
				DEBUG_INFORMATION_FORMAT = dwarf;
				ENABLE_STRICT_OBJC_MSGSEND = YES;
				ENABLE_TESTABILITY = YES;
				ENABLE_USER_SCRIPT_SANDBOXING = YES;
				GCC_C_LANGUAGE_STANDARD = gnu17;
				GCC_DYNAMIC_NO_PIC = NO;
				GCC_NO_COMMON_BLOCKS = YES;
				GCC_OPTIMIZATION_LEVEL = 0;
				GCC_PREPROCESSOR_DEFINITIONS = (
					"DEBUG=1",
					"$(inherited)",
				);
				GCC_WARN_64_TO_32_BIT_CONVERSION = YES;
				GCC_WARN_ABOUT_RETURN_TYPE = YES_ERROR;
				GCC_WARN_UNDECLARED_SELECTOR = YES;
				GCC_WARN_UNINITIALIZED_AUTOS = YES_AGGRESSIVE;
				GCC_WARN_UNUSED_FUNCTION = YES;
				GCC_WARN_UNUSED_VARIABLE = YES;
				IPHONEOS_DEPLOYMENT_TARGET = 15.0;
				LOCALIZATION_PREFERS_STRING_CATALOGS = YES;
				MTL_ENABLE_DEBUG_INFO = INCLUDE_SOURCE;
				MTL_FAST_MATH = YES;
				ONLY_ACTIVE_ARCH = YES;
				SDKROOT = iphoneos;
				SWIFT_ACTIVE_COMPILATION_CONDITIONS = "DEBUG $(inherited)";
				SWIFT_OPTIMIZATION_LEVEL = "-Onone";
			};
			name = Debug;
		};
		A18888880000000000000002 /* Release */ = {
			isa = XCBuildConfiguration;
			buildSettings = {
				ALWAYS_SEARCH_USER_PATHS = NO;
				ASSETCATALOG_COMPILER_GENERATE_SWIFT_ASSET_SYMBOL_EXTENSIONS = YES;
				CLANG_ANALYZER_NONNULL = YES;
				CLANG_ANALYZER_NUMBER_OBJECT_CONVERSION = YES_AGGRESSIVE;
				CLANG_CXX_LANGUAGE_STANDARD = "gnu++20";
				CLANG_ENABLE_MODULES = YES;
				CLANG_ENABLE_OBJC_ARC = YES;
				CLANG_ENABLE_OBJC_WEAK = YES;
				CLANG_WARN_BLOCK_CAPTURE_AUTORELEASING = YES;
				CLANG_WARN_BOOL_CONVERSION = YES;
				CLANG_WARN_COMMA = YES;
				CLANG_WARN_CONSTANT_CONVERSION = YES;
				CLANG_WARN_DEPRECATED_OBJC_IMPLEMENTATIONS = YES;
				CLANG_WARN_DIRECT_OBJC_ISA_USAGE = YES_ERROR;
				CLANG_WARN_DOCUMENTATION_COMMENTS = YES;
				CLANG_WARN_EMPTY_BODY = YES;
				CLANG_WARN_ENUM_CONVERSION = YES;
				CLANG_WARN_INFINITE_RECURSION = YES;
				CLANG_WARN_INT_CONVERSION = YES;
				CLANG_WARN_NON_LITERAL_NULL_CONVERSION = YES;
				CLANG_WARN_OBJC_IMPLICIT_RETAIN_SELF = YES;
				CLANG_WARN_OBJC_LITERAL_CONVERSION = YES;
				CLANG_WARN_OBJC_ROOT_CLASS = YES_ERROR;
				CLANG_WARN_QUOTED_INCLUDE_IN_FRAMEWORK_HEADER = YES;
				CLANG_WARN_RANGE_LOOP_ANALYSIS = YES;
				CLANG_WARN_STRICT_PROTOTYPES = YES;
				CLANG_WARN_SUSPICIOUS_MOVE = YES;
				CLANG_WARN_UNGUARDED_AVAILABILITY = YES_AGGRESSIVE;
				CLANG_WARN_UNREACHABLE_CODE = YES;
				CLANG_WARN__DUPLICATE_METHOD_MATCH = YES;
				COPY_PHASE_STRIP = NO;
				DEBUG_INFORMATION_FORMAT = "dwarf-with-dsym";
				ENABLE_NS_ASSERTIONS = NO;
				ENABLE_STRICT_OBJC_MSGSEND = YES;
				ENABLE_USER_SCRIPT_SANDBOXING = YES;
				GCC_C_LANGUAGE_STANDARD = gnu17;
				GCC_NO_COMMON_BLOCKS = YES;
				GCC_WARN_64_TO_32_BIT_CONVERSION = YES;
				GCC_WARN_ABOUT_RETURN_TYPE = YES_ERROR;
				GCC_WARN_UNDECLARED_SELECTOR = YES;
				GCC_WARN_UNINITIALIZED_AUTOS = YES_AGGRESSIVE;
				GCC_WARN_UNUSED_FUNCTION = YES;
				GCC_WARN_UNUSED_VARIABLE = YES;
				IPHONEOS_DEPLOYMENT_TARGET = 15.0;
				LOCALIZATION_PREFERS_STRING_CATALOGS = YES;
				MTL_ENABLE_DEBUG_INFO = NO;
				MTL_FAST_MATH = YES;
				SDKROOT = iphoneos;
				SWIFT_COMPILATION_MODE = wholemodule;
				VALIDATE_PRODUCT = YES;
			};
			name = Release;
		};
		A18888880000000000000005 /* Debug */ = {
			isa = XCBuildConfiguration;
			buildSettings = {
				BUNDLE_LOADER = "$(TEST_HOST)";
				CODE_SIGN_STYLE = Automatic;
				CURRENT_PROJECT_VERSION = 2;
				DEVELOPMENT_TEAM = P3724G3229;
				GENERATE_INFOPLIST_FILE = YES;
				IPHONEOS_DEPLOYMENT_TARGET = 15.6;
				LD_RUNPATH_SEARCH_PATHS = (
					"$(inherited)",
					"@executable_path/Frameworks",
					"@loader_path/Frameworks",
				);
				MARKETING_VERSION = 1.0.1;
				PRODUCT_BUNDLE_IDENTIFIER = com.dualcam.ai.tests;
				PRODUCT_NAME = "$(TARGET_NAME)";
				SWIFT_VERSION = 5.0;
				TARGETED_DEVICE_FAMILY = "1,2";
				TEST_HOST = "$(BUILT_PRODUCTS_DIR)/DualCamApp.app/$(BUNDLE_EXECUTABLE_FOLDER_PATH)/DualCamApp";
				WRAPPER_EXTENSION = xctest;
			};
			name = Debug;
		};
		A18888880000000000000006 /* Release */ = {
			isa = XCBuildConfiguration;
			buildSettings = {
				BUNDLE_LOADER = "$(TEST_HOST)";
				CODE_SIGN_STYLE = Automatic;
				CURRENT_PROJECT_VERSION = 2;
				DEVELOPMENT_TEAM = P3724G3229;
				GENERATE_INFOPLIST_FILE = YES;
				IPHONEOS_DEPLOYMENT_TARGET = 15.6;
				LD_RUNPATH_SEARCH_PATHS = (
					"$(inherited)",
					"@executable_path/Frameworks",
					"@loader_path/Frameworks",
				);
				MARKETING_VERSION = 1.0.1;
				PRODUCT_BUNDLE_IDENTIFIER = com.dualcam.ai.tests;
				PRODUCT_NAME = "$(TARGET_NAME)";
				SWIFT_VERSION = 5.0;
				TARGETED_DEVICE_FAMILY = "1,2";
				TEST_HOST = "$(BUILT_PRODUCTS_DIR)/DualCamApp.app/$(BUNDLE_EXECUTABLE_FOLDER_PATH)/DualCamApp";
				WRAPPER_EXTENSION = xctest;
			};
			name = Release;
		};
/* End XCBuildConfiguration section */

/* Begin XCConfigurationList section */
		932C54652FBB02E800BC5378 /* Build configuration list for PBXNativeTarget "DualCamApp" */ = {
			isa = XCConfigurationList;
			buildConfigurations = (
				932C54662FBB02E800BC5378 /* Debug */,
				932C54672FBB02E800BC5378 /* Release */,
			);
			defaultConfigurationIsVisible = 0;
			defaultConfigurationName = Release;
		};
		A16666660000000000000001 /* Build configuration list for PBXProject "DualCamApp" */ = {
			isa = XCConfigurationList;
			buildConfigurations = (
				A18888880000000000000001 /* Debug */,
				A18888880000000000000002 /* Release */,
			);
			defaultConfigurationIsVisible = 0;
			defaultConfigurationName = Release;
		};
		A16666660000000000000004 /* Build configuration list for PBXNativeTarget "DualCamAppTests" */ = {
			isa = XCConfigurationList;
			buildConfigurations = (
				A18888880000000000000005 /* Debug */,
				A18888880000000000000006 /* Release */,
			);
			defaultConfigurationIsVisible = 0;
			defaultConfigurationName = Release;
		};
/* End XCConfigurationList section */
	};
	rootObject = A17777770000000000000001 /* Project object */;
}
