// !$*UTF8*$!
{
	archiveVersion = 1;
	classes = {
	};
	objectVersion = 56;
	objects = {

/* Begin PBXBuildFile section */
		A11111110000000000000001 /* DualCameraRecorderApp.swift in Sources */ = {isa = PBXBuildFile; fileRef = A12222220000000000000001 /* DualCameraRecorderApp.swift */; };
		A11111110000000000000002 /* ContentView.swift in Sources */ = {isa = PBXBuildFile; fileRef = A12222220000000000000002 /* ContentView.swift */; };
		A11111110000000000000003 /* CameraManager.swift in Sources */ = {isa = PBXBuildFile; fileRef = A12222220000000000000003 /* CameraManager.swift */; };
		A11111110000000000000004 /* VideoRecorder.swift in Sources */ = {isa = PBXBuildFile; fileRef = A12222220000000000000004 /* VideoRecorder.swift */; };
		A11111110000000000000005 /* LayoutManager.swift in Sources */ = {isa = PBXBuildFile; fileRef = A12222220000000000000005 /* LayoutManager.swift */; };
		A11111110000000000000006 /* CameraPreviewView.swift in Sources */ = {isa = PBXBuildFile; fileRef = A12222220000000000000006 /* CameraPreviewView.swift */; };
		A11111110000000000000007 /* LayoutSelectorView.swift in Sources */ = {isa = PBXBuildFile; fileRef = A12222220000000000000007 /* LayoutSelectorView.swift */; };
		A11111110000000000000008 /* Assets.xcassets in Resources */ = {isa = PBXBuildFile; fileRef = A12222220000000000000008 /* Assets.xcassets */; };
		A11111110000000000000009 /* LivePhotoRecorder.swift in Sources */ = {isa = PBXBuildFile; fileRef = A12222220000000000000010 /* LivePhotoRecorder.swift */; };
		A1111111000000000000000A /* QuickStartOnboardingView.swift in Sources */ = {isa = PBXBuildFile; fileRef = A1222222000000000000000A /* QuickStartOnboardingView.swift */; };
		A1111111000000000000000B /* AppLanguage.swift in Sources */ = {isa = PBXBuildFile; fileRef = A1222222000000000000000B /* AppLanguage.swift */; };
		A1111111000000000000000C /* Localizable.strings in Resources */ = {isa = PBXBuildFile; fileRef = A1222222000000000000000E /* Localizable.strings */; };
		A1111111000000000000000D /* InfoPlist.strings in Resources */ = {isa = PBXBuildFile; fileRef = A12222220000000000000012 /* InfoPlist.strings */; };
			A1111111000000000000000E /* WorksManager.swift in Sources */ = {isa = PBXBuildFile; fileRef = A12222220000000000000013 /* WorksManager.swift */; };
			A1111111000000000000000F /* WorksView.swift in Sources */ = {isa = PBXBuildFile; fileRef = A12222220000000000000014 /* WorksView.swift */; };
			A11111110000000000000010 /* AppSettings.swift in Sources */ = {isa = PBXBuildFile; fileRef = A12222220000000000000015 /* AppSettings.swift */; };
			A11111110000000000000011 /* SettingsView.swift in Sources */ = {isa = PBXBuildFile; fileRef = A12222220000000000000016 /* SettingsView.swift */; };
/* End PBXBuildFile section */

/* Begin PBXFileReference section */
		A12222220000000000000000 /* DualCameraRecorder.app */ = {isa = PBXFileReference; explicitFileType = wrapper.application; includeInIndex = 0; path = DualCameraRecorder.app; sourceTree = BUILT_PRODUCTS_DIR; };
		A12222220000000000000001 /* DualCameraRecorderApp.swift */ = {isa = PBXFileReference; lastKnownFileType = sourcecode.swift; path = DualCameraRecorderApp.swift; sourceTree = "<group>"; };
		A12222220000000000000002 /* ContentView.swift */ = {isa = PBXFileReference; lastKnownFileType = sourcecode.swift; path = ContentView.swift; sourceTree = "<group>"; };
		A12222220000000000000003 /* CameraManager.swift */ = {isa = PBXFileReference; lastKnownFileType = sourcecode.swift; path = CameraManager.swift; sourceTree = "<group>"; };
		A12222220000000000000004 /* VideoRecorder.swift */ = {isa = PBXFileReference; lastKnownFileType = sourcecode.swift; path = VideoRecorder.swift; sourceTree = "<group>"; };
		A12222220000000000000005 /* LayoutManager.swift */ = {isa = PBXFileReference; lastKnownFileType = sourcecode.swift; path = LayoutManager.swift; sourceTree = "<group>"; };
		A12222220000000000000006 /* CameraPreviewView.swift */ = {isa = PBXFileReference; lastKnownFileType = sourcecode.swift; path = CameraPreviewView.swift; sourceTree = "<group>"; };
		A12222220000000000000007 /* LayoutSelectorView.swift */ = {isa = PBXFileReference; lastKnownFileType = sourcecode.swift; path = LayoutSelectorView.swift; sourceTree = "<group>"; };
		A12222220000000000000008 /* Assets.xcassets */ = {isa = PBXFileReference; lastKnownFileType = folder.assetcatalog; path = Assets.xcassets; sourceTree = "<group>"; };
		A12222220000000000000009 /* Info.plist */ = {isa = PBXFileReference; lastKnownFileType = text.plist.xml; path = Info.plist; sourceTree = "<group>"; };
		A1222222000000000000000A /* QuickStartOnboardingView.swift */ = {isa = PBXFileReference; lastKnownFileType = sourcecode.swift; path = QuickStartOnboardingView.swift; sourceTree = "<group>"; };
		A1222222000000000000000B /* AppLanguage.swift */ = {isa = PBXFileReference; lastKnownFileType = sourcecode.swift; path = AppLanguage.swift; sourceTree = "<group>"; };
		A1222222000000000000000C /* en */ = {isa = PBXFileReference; lastKnownFileType = text.plist.strings; name = en; path = en.lproj/Localizable.strings; sourceTree = "<group>"; };
		A1222222000000000000000D /* zh-Hans */ = {isa = PBXFileReference; lastKnownFileType = text.plist.strings; name = "zh-Hans"; path = "zh-Hans.lproj/Localizable.strings"; sourceTree = "<group>"; };
		A1222222000000000000000F /* en */ = {isa = PBXFileReference; lastKnownFileType = text.plist.strings; name = en; path = en.lproj/InfoPlist.strings; sourceTree = "<group>"; };
		A12222220000000000000010 /* LivePhotoRecorder.swift */ = {isa = PBXFileReference; lastKnownFileType = sourcecode.swift; path = LivePhotoRecorder.swift; sourceTree = "<group>"; };
		A12222220000000000000011 /* zh-Hans */ = {isa = PBXFileReference; lastKnownFileType = text.plist.strings; name = "zh-Hans"; path = "zh-Hans.lproj/InfoPlist.strings"; sourceTree = "<group>"; };
			A12222220000000000000013 /* WorksManager.swift */ = {isa = PBXFileReference; lastKnownFileType = sourcecode.swift; path = WorksManager.swift; sourceTree = "<group>"; };
			A12222220000000000000014 /* WorksView.swift */ = {isa = PBXFileReference; lastKnownFileType = sourcecode.swift; path = WorksView.swift; sourceTree = "<group>"; };
			A12222220000000000000015 /* AppSettings.swift */ = {isa = PBXFileReference; lastKnownFileType = sourcecode.swift; path = AppSettings.swift; sourceTree = "<group>"; };
			A12222220000000000000016 /* SettingsView.swift */ = {isa = PBXFileReference; lastKnownFileType = sourcecode.swift; path = SettingsView.swift; sourceTree = "<group>"; };
/* End PBXFileReference section */

/* Begin PBXFrameworksBuildPhase section */
		A13333330000000000000001 /* Frameworks */ = {
			isa = PBXFrameworksBuildPhase;
			buildActionMask = 2147483647;
			files = (
			);
			runOnlyForDeploymentPostprocessing = 0;
		};
/* End PBXFrameworksBuildPhase section */

/* Begin PBXGroup section */
		A14444440000000000000001 = {
			isa = PBXGroup;
			children = (
				A14444440000000000000002 /* DualCameraRecorder */,
				A14444440000000000000003 /* Products */,
			);
			sourceTree = "<group>";
		};
		A14444440000000000000002 /* DualCameraRecorder */ = {
			isa = PBXGroup;
			children = (
				A14444440000000000000004 /* App */,
				A14444440000000000000005 /* Managers */,
				A14444440000000000000006 /* Views */,
				A14444440000000000000007 /* Resources */,
				A12222220000000000000009 /* Info.plist */,
			);
			path = DualCameraRecorder;
			sourceTree = "<group>";
		};
		A14444440000000000000003 /* Products */ = {
			isa = PBXGroup;
			children = (
				A12222220000000000000000 /* DualCameraRecorder.app */,
			);
			name = Products;
			sourceTree = "<group>";
		};
		A14444440000000000000004 /* App */ = {
			isa = PBXGroup;
			children = (
				A12222220000000000000001 /* DualCameraRecorderApp.swift */,
				A1222222000000000000000B /* AppLanguage.swift */,
				A12222220000000000000015 /* AppSettings.swift */,
			);
			path = App;
			sourceTree = "<group>";
		};
		A14444440000000000000005 /* Managers */ = {
			isa = PBXGroup;
			children = (
				A12222220000000000000003 /* CameraManager.swift */,
				A12222220000000000000004 /* VideoRecorder.swift */,
				A12222220000000000000005 /* LayoutManager.swift */,
				A12222220000000000000010 /* LivePhotoRecorder.swift */,
				A12222220000000000000013 /* WorksManager.swift */,
			);
			path = Managers;
			sourceTree = "<group>";
		};
		A14444440000000000000006 /* Views */ = {
			isa = PBXGroup;
			children = (
				A12222220000000000000002 /* ContentView.swift */,
				A1222222000000000000000A /* QuickStartOnboardingView.swift */,
				A12222220000000000000006 /* CameraPreviewView.swift */,
				A12222220000000000000007 /* LayoutSelectorView.swift */,
				A12222220000000000000014 /* WorksView.swift */,
				A12222220000000000000016 /* SettingsView.swift */,
			);
			path = Views;
			sourceTree = "<group>";
		};
		A14444440000000000000007 /* Resources */ = {
			isa = PBXGroup;
			children = (
				A12222220000000000000008 /* Assets.xcassets */,
				A1222222000000000000000E /* Localizable.strings */,
				A12222220000000000000012 /* InfoPlist.strings */,
			);
			path = Resources;
			sourceTree = "<group>";
		};
/* End PBXGroup section */

/* Begin PBXNativeTarget section */
		A15555550000000000000001 /* DualCameraRecorder */ = {
			isa = PBXNativeTarget;
			buildConfigurationList = A16666660000000000000003 /* Build configuration list for PBXNativeTarget "DualCameraRecorder" */;
			buildPhases = (
				A15555550000000000000002 /* Sources */,
				A13333330000000000000001 /* Frameworks */,
				A15555550000000000000003 /* Resources */,
			);
			buildRules = (
			);
			dependencies = (
			);
			name = DualCameraRecorder;
			productName = DualCameraRecorder;
			productReference = A12222220000000000000000 /* DualCameraRecorder.app */;
			productType = "com.apple.product-type.application";
		};
/* End PBXNativeTarget section */

/* Begin PBXProject section */
		A17777770000000000000001 /* Project object */ = {
			isa = PBXProject;
			attributes = {
				BuildIndependentTargetsInParallel = 1;
				LastSwiftUpdateCheck = 1500;
				LastUpgradeCheck = 1500;
				TargetAttributes = {
					A15555550000000000000001 = {
						CreatedOnToolsVersion = 15.0;
					};
				};
			};
			buildConfigurationList = A16666660000000000000001 /* Build configuration list for PBXProject "DualCameraRecorder" */;
			compatibilityVersion = "Xcode 14.0";
			developmentRegion = en;
			hasScannedForEncodings = 0;
			knownRegions = (
				en,
				Base,
				"zh-Hans",
			);
			mainGroup = A14444440000000000000001;
			productRefGroup = A14444440000000000000003 /* Products */;
			projectDirPath = "";
			projectRoot = "";
			targets = (
				A15555550000000000000001 /* DualCameraRecorder */,
			);
		};
/* End PBXProject section */

/* Begin PBXResourcesBuildPhase section */
		A15555550000000000000003 /* Resources */ = {
			isa = PBXResourcesBuildPhase;
			buildActionMask = 2147483647;
			files = (
				A11111110000000000000008 /* Assets.xcassets in Resources */,
				A1111111000000000000000C /* Localizable.strings in Resources */,
				A1111111000000000000000D /* InfoPlist.strings in Resources */,
			);
			runOnlyForDeploymentPostprocessing = 0;
		};
/* End PBXResourcesBuildPhase section */

/* Begin PBXSourcesBuildPhase section */
		A15555550000000000000002 /* Sources */ = {
			isa = PBXSourcesBuildPhase;
			buildActionMask = 2147483647;
			files = (
				A11111110000000000000001 /* DualCameraRecorderApp.swift in Sources */,
				A11111110000000000000002 /* ContentView.swift in Sources */,
				A1111111000000000000000A /* QuickStartOnboardingView.swift in Sources */,
				A1111111000000000000000B /* AppLanguage.swift in Sources */,
				A11111110000000000000003 /* CameraManager.swift in Sources */,
				A11111110000000000000004 /* VideoRecorder.swift in Sources */,
				A11111110000000000000005 /* LayoutManager.swift in Sources */,
				A11111110000000000000006 /* CameraPreviewView.swift in Sources */,
				A11111110000000000000007 /* LayoutSelectorView.swift in Sources */,
				A11111110000000000000009 /* LivePhotoRecorder.swift in Sources */,
				A1111111000000000000000E /* WorksManager.swift in Sources */,
				A1111111000000000000000F /* WorksView.swift in Sources */,
				A11111110000000000000010 /* AppSettings.swift in Sources */,
				A11111110000000000000011 /* SettingsView.swift in Sources */,
			);
			runOnlyForDeploymentPostprocessing = 0;
		};
/* End PBXSourcesBuildPhase section */

/* Begin PBXVariantGroup section */
		A1222222000000000000000E /* Localizable.strings */ = {
			isa = PBXVariantGroup;
			children = (
				A1222222000000000000000C /* en */,
				A1222222000000000000000D /* zh-Hans */,
			);
			name = Localizable.strings;
			sourceTree = "<group>";
		};
		A12222220000000000000012 /* InfoPlist.strings */ = {
			isa = PBXVariantGroup;
			children = (
				A1222222000000000000000F /* en */,
				A12222220000000000000011 /* zh-Hans */,
			);
			name = InfoPlist.strings;
			sourceTree = "<group>";
		};
/* End PBXVariantGroup section */

/* Begin XCBuildConfiguration section */
		A18888880000000000000001 /* Debug */ = {
			isa = XCBuildConfiguration;
			buildSettings = {
				ALWAYS_SEARCH_USER_PATHS = NO;
				ASSETCATALOG_COMPILER_GENERATE_SWIFT_ASSET_SYMBOL_EXTENSIONS = YES;
				CLANG_ANALYZER_NONNULL = YES;
				CLANG_ANALYZER_NUMBER_OBJECT_CONVERSION = YES_AGGRESSIVE;
				CLANG_CXX_LANGUAGE_STANDARD = "gnu++20";
				CLANG_ENABLE_MODULES = YES;
				CLANG_ENABLE_OBJC_ARC = YES;
				CLANG_ENABLE_OBJC_WEAK = YES;
				CLANG_WARN_BLOCK_CAPTURE_AUTORELEASING = YES;
				CLANG_WARN_BOOL_CONVERSION = YES;
				CLANG_WARN_COMMA = YES;
				CLANG_WARN_CONSTANT_CONVERSION = YES;
				CLANG_WARN_DEPRECATED_OBJC_IMPLEMENTATIONS = YES;
				CLANG_WARN_DIRECT_OBJC_ISA_USAGE = YES_ERROR;
				CLANG_WARN_DOCUMENTATION_COMMENTS = YES;
				CLANG_WARN_EMPTY_BODY = YES;
				CLANG_WARN_ENUM_CONVERSION = YES;
				CLANG_WARN_INFINITE_RECURSION = YES;
				CLANG_WARN_INT_CONVERSION = YES;
				CLANG_WARN_NON_LITERAL_NULL_CONVERSION = YES;
				CLANG_WARN_OBJC_IMPLICIT_RETAIN_SELF = YES;
				CLANG_WARN_OBJC_LITERAL_CONVERSION = YES;
				CLANG_WARN_OBJC_ROOT_CLASS = YES_ERROR;
				CLANG_WARN_QUOTED_INCLUDE_IN_FRAMEWORK_HEADER = YES;
				CLANG_WARN_RANGE_LOOP_ANALYSIS = YES;
				CLANG_WARN_STRICT_PROTOTYPES = YES;
				CLANG_WARN_SUSPICIOUS_MOVE = YES;
				CLANG_WARN_UNGUARDED_AVAILABILITY = YES_AGGRESSIVE;
				CLANG_WARN_UNREACHABLE_CODE = YES;
				CLANG_WARN__DUPLICATE_METHOD_MATCH = YES;
				COPY_PHASE_STRIP = NO;
				DEBUG_INFORMATION_FORMAT = dwarf;
				ENABLE_STRICT_OBJC_MSGSEND = YES;
				ENABLE_TESTABILITY = YES;
				ENABLE_USER_SCRIPT_SANDBOXING = YES;
				GCC_C_LANGUAGE_STANDARD = gnu17;
				GCC_DYNAMIC_NO_PIC = NO;
				GCC_NO_COMMON_BLOCKS = YES;
				GCC_OPTIMIZATION_LEVEL = 0;
				GCC_PREPROCESSOR_DEFINITIONS = (
					"DEBUG=1",
					"$(inherited)",
				);
				GCC_WARN_64_TO_32_BIT_CONVERSION = YES;
				GCC_WARN_ABOUT_RETURN_TYPE = YES_ERROR;
				GCC_WARN_UNDECLARED_SELECTOR = YES;
				GCC_WARN_UNINITIALIZED_AUTOS = YES_AGGRESSIVE;
				GCC_WARN_UNUSED_FUNCTION = YES;
				GCC_WARN_UNUSED_VARIABLE = YES;
				IPHONEOS_DEPLOYMENT_TARGET = 15.0;
				LOCALIZATION_PREFERS_STRING_CATALOGS = YES;
				MTL_ENABLE_DEBUG_INFO = INCLUDE_SOURCE;
				MTL_FAST_MATH = YES;
				ONLY_ACTIVE_ARCH = YES;
				SDKROOT = iphoneos;
				SWIFT_ACTIVE_COMPILATION_CONDITIONS = "DEBUG $(inherited)";
				SWIFT_OPTIMIZATION_LEVEL = "-Onone";
			};
			name = Debug;
		};
		A18888880000000000000002 /* Release */ = {
			isa = XCBuildConfiguration;
			buildSettings = {
				ALWAYS_SEARCH_USER_PATHS = NO;
				ASSETCATALOG_COMPILER_GENERATE_SWIFT_ASSET_SYMBOL_EXTENSIONS = YES;
				CLANG_ANALYZER_NONNULL = YES;
				CLANG_ANALYZER_NUMBER_OBJECT_CONVERSION = YES_AGGRESSIVE;
				CLANG_CXX_LANGUAGE_STANDARD = "gnu++20";
				CLANG_ENABLE_MODULES = YES;
				CLANG_ENABLE_OBJC_ARC = YES;
				CLANG_ENABLE_OBJC_WEAK = YES;
				CLANG_WARN_BLOCK_CAPTURE_AUTORELEASING = YES;
				CLANG_WARN_BOOL_CONVERSION = YES;
				CLANG_WARN_COMMA = YES;
				CLANG_WARN_CONSTANT_CONVERSION = YES;
				CLANG_WARN_DEPRECATED_OBJC_IMPLEMENTATIONS = YES;
				CLANG_WARN_DIRECT_OBJC_ISA_USAGE = YES_ERROR;
				CLANG_WARN_DOCUMENTATION_COMMENTS = YES;
				CLANG_WARN_EMPTY_BODY = YES;
				CLANG_WARN_ENUM_CONVERSION = YES;
				CLANG_WARN_INFINITE_RECURSION = YES;
				CLANG_WARN_INT_CONVERSION = YES;
				CLANG_WARN_NON_LITERAL_NULL_CONVERSION = YES;
				CLANG_WARN_OBJC_IMPLICIT_RETAIN_SELF = YES;
				CLANG_WARN_OBJC_LITERAL_CONVERSION = YES;
				CLANG_WARN_OBJC_ROOT_CLASS = YES_ERROR;
				CLANG_WARN_QUOTED_INCLUDE_IN_FRAMEWORK_HEADER = YES;
				CLANG_WARN_RANGE_LOOP_ANALYSIS = YES;
				CLANG_WARN_STRICT_PROTOTYPES = YES;
				CLANG_WARN_SUSPICIOUS_MOVE = YES;
				CLANG_WARN_UNGUARDED_AVAILABILITY = YES_AGGRESSIVE;
				CLANG_WARN_UNREACHABLE_CODE = YES;
				CLANG_WARN__DUPLICATE_METHOD_MATCH = YES;
				COPY_PHASE_STRIP = NO;
				DEBUG_INFORMATION_FORMAT = "dwarf-with-dsym";
				ENABLE_NS_ASSERTIONS = NO;
				ENABLE_STRICT_OBJC_MSGSEND = YES;
				ENABLE_USER_SCRIPT_SANDBOXING = YES;
				GCC_C_LANGUAGE_STANDARD = gnu17;
				GCC_NO_COMMON_BLOCKS = YES;
				GCC_WARN_64_TO_32_BIT_CONVERSION = YES;
				GCC_WARN_ABOUT_RETURN_TYPE = YES_ERROR;
				GCC_WARN_UNDECLARED_SELECTOR = YES;
				GCC_WARN_UNINITIALIZED_AUTOS = YES_AGGRESSIVE;
				GCC_WARN_UNUSED_FUNCTION = YES;
				GCC_WARN_UNUSED_VARIABLE = YES;
				IPHONEOS_DEPLOYMENT_TARGET = 15.0;
				LOCALIZATION_PREFERS_STRING_CATALOGS = YES;
				MTL_ENABLE_DEBUG_INFO = NO;
				MTL_FAST_MATH = YES;
				SDKROOT = iphoneos;
				SWIFT_COMPILATION_MODE = wholemodule;
				VALIDATE_PRODUCT = YES;
			};
			name = Release;
		};
		A18888880000000000000003 /* Debug */ = {
			isa = XCBuildConfiguration;
			buildSettings = {
				ASSETCATALOG_COMPILER_APPICON_NAME = AppIcon;
				ASSETCATALOG_COMPILER_GLOBAL_ACCENT_COLOR_NAME = AccentColor;
				CODE_SIGN_STYLE = Automatic;
				CURRENT_PROJECT_VERSION = 1;
				DEVELOPMENT_TEAM = P3724G3229;
				ENABLE_PREVIEWS = YES;
				GENERATE_INFOPLIST_FILE = NO;
				INFOPLIST_FILE = DualCameraRecorder/Info.plist;
				INFOPLIST_KEY_CFBundleDisplayName = "双摄录像";
				INFOPLIST_KEY_UIApplicationSceneManifest_Generation = YES;
				INFOPLIST_KEY_UIApplicationSupportsIndirectInputEvents = YES;
				INFOPLIST_KEY_UILaunchScreen_Generation = YES;
				INFOPLIST_KEY_UISupportedInterfaceOrientations_iPad = "UIInterfaceOrientationPortrait UIInterfaceOrientationPortraitUpsideDown UIInterfaceOrientationLandscapeLeft UIInterfaceOrientationLandscapeRight";
				INFOPLIST_KEY_UISupportedInterfaceOrientations_iPhone = "UIInterfaceOrientationPortrait UIInterfaceOrientationLandscapeLeft UIInterfaceOrientationLandscapeRight";
				LD_RUNPATH_SEARCH_PATHS = (
					"$(inherited)",
					"@executable_path/Frameworks",
				);
				MARKETING_VERSION = 1.0;
				PRODUCT_BUNDLE_IDENTIFIER = com.dualcamera.recorder;
				PRODUCT_NAME = "$(TARGET_NAME)";
				SWIFT_EMIT_LOC_STRINGS = YES;
				SWIFT_VERSION = 5.0;
				TARGETED_DEVICE_FAMILY = "1,2";
			};
			name = Debug;
		};
		A18888880000000000000004 /* Release */ = {
			isa = XCBuildConfiguration;
			buildSettings = {
				ASSETCATALOG_COMPILER_APPICON_NAME = AppIcon;
				ASSETCATALOG_COMPILER_GLOBAL_ACCENT_COLOR_NAME = AccentColor;
				CODE_SIGN_STYLE = Automatic;
				CURRENT_PROJECT_VERSION = 1;
				DEVELOPMENT_TEAM = P3724G3229;
				ENABLE_PREVIEWS = YES;
				GENERATE_INFOPLIST_FILE = NO;
				INFOPLIST_FILE = DualCameraRecorder/Info.plist;
				INFOPLIST_KEY_CFBundleDisplayName = "双摄录像";
				INFOPLIST_KEY_UIApplicationSceneManifest_Generation = YES;
				INFOPLIST_KEY_UIApplicationSupportsIndirectInputEvents = YES;
				INFOPLIST_KEY_UILaunchScreen_Generation = YES;
				INFOPLIST_KEY_UISupportedInterfaceOrientations_iPad = "UIInterfaceOrientationPortrait UIInterfaceOrientationPortraitUpsideDown UIInterfaceOrientationLandscapeLeft UIInterfaceOrientationLandscapeRight";
				INFOPLIST_KEY_UISupportedInterfaceOrientations_iPhone = "UIInterfaceOrientationPortrait UIInterfaceOrientationLandscapeLeft UIInterfaceOrientationLandscapeRight";
				LD_RUNPATH_SEARCH_PATHS = (
					"$(inherited)",
					"@executable_path/Frameworks",
				);
				MARKETING_VERSION = 1.0;
				PRODUCT_BUNDLE_IDENTIFIER = com.dualcamera.recorder;
				PRODUCT_NAME = "$(TARGET_NAME)";
				SWIFT_EMIT_LOC_STRINGS = YES;
				SWIFT_VERSION = 5.0;
				TARGETED_DEVICE_FAMILY = "1,2";
			};
			name = Release;
		};
/* End XCBuildConfiguration section */

/* Begin XCConfigurationList section */
		A16666660000000000000001 /* Build configuration list for PBXProject "DualCameraRecorder" */ = {
			isa = XCConfigurationList;
			buildConfigurations = (
				A18888880000000000000001 /* Debug */,
				A18888880000000000000002 /* Release */,
			);
			defaultConfigurationIsVisible = 0;
			defaultConfigurationName = Release;
		};
		A16666660000000000000003 /* Build configuration list for PBXNativeTarget "DualCameraRecorder" */ = {
			isa = XCConfigurationList;
			buildConfigurations = (
				A18888880000000000000003 /* Debug */,
				A18888880000000000000004 /* Release */,
			);
			defaultConfigurationIsVisible = 0;
			defaultConfigurationName = Release;
		};
/* End XCConfigurationList section */
	};
	rootObject = A17777770000000000000001 /* Project object */;
}
